
Microsoft Visual Studio Solution File, Format Version 12.00
# Visual Studio Version 16
VisualStudioVersion = 16.0.30114.105
MinimumVisualStudioVersion = 10.0.40219.1
Project("{FAE04EC0-301F-11D3-BF4B-00C04F79EFBC}") = "City", "City\City.csproj", "{9773FEA7-01F4-48FC-AC20-74DF13D845D8}"
EndProject
Project("{FAE04EC0-301F-11D3-BF4B-00C04F79EFBC}") = "City.Tests", "City.Tests\City.Tests.csproj", "{D153BB70-073D-455F-9459-FA2522303E9B}"
EndProject
Project("{FAE04EC0-301F-11D3-BF4B-00C04F79EFBC}") = "Weather", "Weather\Weather.csproj", "{D23FC68C-C51C-4BC1-A601-48D9D0C2AFD1}"
EndProject
Global
	GlobalSection(SolutionConfigurationPlatforms) = preSolution
		Debug|Any CPU = Debug|Any CPU
		Release|Any CPU = Release|Any CPU
	EndGlobalSection
	GlobalSection(SolutionProperties) = preSolution
		HideSolutionNode = FALSE
	EndGlobalSection
	GlobalSection(ProjectConfigurationPlatforms) = postSolution
		{9773FEA7-01F4-48FC-AC20-74DF13D845D8}.Debug|Any CPU.ActiveCfg = Debug|Any CPU
		{9773FEA7-01F4-48FC-AC20-74DF13D845D8}.Debug|Any CPU.Build.0 = Debug|Any CPU
		{9773FEA7-01F4-48FC-AC20-74DF13D845D8}.Release|Any CPU.ActiveCfg = Release|Any CPU
		{9773FEA7-01F4-48FC-AC20-74DF13D845D8}.Release|Any CPU.Build.0 = Release|Any CPU
		{D153BB70-073D-455F-9459-FA2522303E9B}.Debug|Any CPU.ActiveCfg = Debug|Any CPU
		{D153BB70-073D-455F-9459-FA2522303E9B}.Debug|Any CPU.Build.0 = Debug|Any CPU
		{D153BB70-073D-455F-9459-FA2522303E9B}.Release|Any CPU.ActiveCfg = Release|Any CPU
		{D153BB70-073D-455F-9459-FA2522303E9B}.Release|Any CPU.Build.0 = Release|Any CPU
		{D23FC68C-C51C-4BC1-A601-48D9D0C2AFD1}.Debug|Any CPU.ActiveCfg = Debug|Any CPU
		{D23FC68C-C51C-4BC1-A601-48D9D0C2AFD1}.Debug|Any CPU.Build.0 = Debug|Any CPU
		{D23FC68C-C51C-4BC1-A601-48D9D0C2AFD1}.Release|Any CPU.ActiveCfg = Release|Any CPU
		{D23FC68C-C51C-4BC1-A601-48D9D0C2AFD1}.Release|Any CPU.Build.0 = Release|Any CPU
	EndGlobalSection
EndGlobal
